
Microsoft Visual Studio Solution File, Format Version 12.00
# Visual Studio 15
VisualStudioVersion = 15.0.28307.902
MinimumVisualStudioVersion = 10.0.40219.1
Project("{FAE04EC0-301F-11D3-BF4B-00C04F79EFBC}") = "ShopifyApp", "ShopifyApp\ShopifyApp.csproj", "{3C573D13-999E-4E6E-AC17-6FB8FE12047C}"
EndProject
Global
	GlobalSection(SolutionConfigurationPlatforms) = preSolution
		Debug|Any CPU = Debug|Any CPU
		Release|Any CPU = Release|Any CPU
	EndGlobalSection
	GlobalSection(ProjectConfigurationPlatforms) = postSolution
		{3C573D13-999E-4E6E-AC17-6FB8FE12047C}.Debug|Any CPU.ActiveCfg = Debug|Any CPU
		{3C573D13-999E-4E6E-AC17-6FB8FE12047C}.Debug|Any CPU.Build.0 = Debug|Any CPU
		{3C573D13-999E-4E6E-AC17-6FB8FE12047C}.Release|Any CPU.ActiveCfg = Release|Any CPU
		{3C573D13-999E-4E6E-AC17-6FB8FE12047C}.Release|Any CPU.Build.0 = Release|Any CPU
	EndGlobalSection
	GlobalSection(SolutionProperties) = preSolution
		HideSolutionNode = FALSE
	EndGlobalSection
	GlobalSection(ExtensibilityGlobals) = postSolution
		SolutionGuid = {2DE0BE7B-26CF-42E6-9223-3F4131A0C5A0}
	EndGlobalSection
EndGlobal
